{
    "_readme": [
        "This file locks the dependencies of your project to a known state",
        "Read more about it at https://getcomposer.org/doc/01-basic-usage.md#composer-lock-the-lock-file",
        "This file is @generated automatically"
    ],
    "hash": "6511024bf0dc3112fc14a73a4c044d56",
    "content-hash": "2bcae19b54e579a3054bc3c9d86e4e1b",
    "packages": [
        {
            "name": "fully/base",
            "version": "dev-master",
            "dist": {
                "type": "path",
                "url": "../../fully/base/",
                "reference": "26a700a9c8ea9656621e5937d1321569a131f54a",
                "shasum": null
            },
            "type": "library",
            "autoload": {
                "psr-4": {
                    "fully\\base\\": ""
                }
            },
            "autoload-dev": {
                "psr-4": {
                    "fully\\base\\spec\\": "spec/"
                }
            },
            "license": [
                "MIT"
            ],
            "authors": [
                {
                    "name": "Cherif BOUCHELAGHEM",
                    "email": "cherif.bouchelaghem@gmail.com"
                }
            ]
        },
        {
            "name": "fully/field",
            "version": "dev-master",
            "dist": {
                "type": "path",
                "url": "../../fully/field/",
                "reference": "fa8f1d9f138ccfc7f07dd99dd3edddfb",
                "shasum": null
            },
            "type": "library",
            "autoload": {
                "psr-4": {
                    "fully\\field\\": ""
                }
            },
            "autoload-dev": {
                "psr-4": {
                    "fully\\field\\spec\\": "spec/"
                }
            },
            "license": [
                "MIT"
            ],
            "authors": [
                {
                    "name": "Cherif BOUCHELAGHEM",
                    "email": "cherif.bouchelaghem@gmail.com"
                }
            ]
        }
    ],
    "packages-dev": [],
    "aliases": [],
    "minimum-stability": "dev",
    "stability-flags": [],
    "prefer-stable": true,
    "prefer-lowest": false,
    "platform": [],
    "platform-dev": []
}
