{
    "_readme": [
        "This file locks the dependencies of your project to a known state",
        "Read more about it at https://getcomposer.org/doc/01-basic-usage.md#composer-lock-the-lock-file",
        "This file is @generated automatically"
    ],
    "hash": "16ed6e3ed80f723edcac421a7cfadb03",
    "content-hash": "04c65f3b9c27570e889a6c100ad5cd5d",
    "packages": [
        {
            "name": "fully/base",
            "version": "dev-master",
            "dist": {
                "type": "path",
                "url": "../../core/base/",
                "reference": "7b2ee854c24ab3e97902fb49c630b85a",
                "shasum": null
            },
            "type": "library",
            "autoload": {
                "psr-4": {
                    "fully\\core\\base\\": ""
                }
            },
            "autoload-dev": {
                "psr-4": {
                    "fully\\core\\base\\spec\\": "spec/"
                }
            },
            "license": [
                "MIT"
            ],
            "authors": [
                {
                    "name": "Cherif BOUCHELAGHEM",
                    "email": "cherif.bouchelaghem@gmail.com"
                }
            ]
        },
        {
            "name": "fully/field",
            "version": "dev-master",
            "dist": {
                "type": "path",
                "url": "../../core/field/",
                "reference": "fa8f1d9f138ccfc7f07dd99dd3edddfb",
                "shasum": null
            },
            "type": "library",
            "autoload": {
                "psr-4": {
                    "fully\\core\\field\\": ""
                }
            },
            "autoload-dev": {
                "psr-4": {
                    "fully\\core\\field\\spec\\": "spec/"
                }
            },
            "license": [
                "MIT"
            ],
            "authors": [
                {
                    "name": "Cherif BOUCHELAGHEM",
                    "email": "cherif.bouchelaghem@gmail.com"
                }
            ]
        }
    ],
    "packages-dev": [],
    "aliases": [],
    "minimum-stability": "dev",
    "stability-flags": [],
    "prefer-stable": true,
    "prefer-lowest": false,
    "platform": [],
    "platform-dev": []
}
